
Microsoft Visual Studio Solution File, Format Version 12.00
# Visual Studio Version 17
VisualStudioVersion = 17.4.33122.133
MinimumVisualStudioVersion = 10.0.40219.1
Project("{9A19103F-16F7-4668-BE54-9A1E7A4F7556}") = "WebApplicationDemo", "WebApplicationDemo\WebApplicationDemo.csproj", "{7E76AAC6-F51E-4A99-8FBD-E8135C494D69}"
EndProject
Project("{FAE04EC0-301F-11D3-BF4B-00C04F79EFBC}") = "WebApplicationDemo.Tests", "WebApplicationDemo.Tests\WebApplicationDemo.Tests.csproj", "{048A95AD-7E99-46AA-8414-696B7C491835}"
EndProject
Global
	GlobalSection(SolutionConfigurationPlatforms) = preSolution
		Debug|Any CPU = Debug|Any CPU
		Release|Any CPU = Release|Any CPU
	EndGlobalSection
	GlobalSection(ProjectConfigurationPlatforms) = postSolution
		{7E76AAC6-F51E-4A99-8FBD-E8135C494D69}.Debug|Any CPU.ActiveCfg = Debug|Any CPU
		{7E76AAC6-F51E-4A99-8FBD-E8135C494D69}.Debug|Any CPU.Build.0 = Debug|Any CPU
		{7E76AAC6-F51E-4A99-8FBD-E8135C494D69}.Release|Any CPU.ActiveCfg = Release|Any CPU
		{7E76AAC6-F51E-4A99-8FBD-E8135C494D69}.Release|Any CPU.Build.0 = Release|Any CPU
		{048A95AD-7E99-46AA-8414-696B7C491835}.Debug|Any CPU.ActiveCfg = Debug|Any CPU
		{048A95AD-7E99-46AA-8414-696B7C491835}.Debug|Any CPU.Build.0 = Debug|Any CPU
		{048A95AD-7E99-46AA-8414-696B7C491835}.Release|Any CPU.ActiveCfg = Release|Any CPU
		{048A95AD-7E99-46AA-8414-696B7C491835}.Release|Any CPU.Build.0 = Release|Any CPU
	EndGlobalSection
	GlobalSection(SolutionProperties) = preSolution
		HideSolutionNode = FALSE
	EndGlobalSection
	GlobalSection(ExtensibilityGlobals) = postSolution
		SolutionGuid = {5EADCFEE-B3B5-4056-B34D-03A8304F22DD}
	EndGlobalSection
EndGlobal
